
Microsoft Visual Studio Solution File, Format Version 12.00
# Visual Studio 2012
Project("{FAE04EC0-301F-11D3-BF4B-00C04F79EFBC}") = "Space Explorer", "Landscape Earth\Space Explorer.csproj", "{5FABE7F7-C161-40FC-9BA8-CC1BA672C6AD}"
EndProject
Global
	GlobalSection(SolutionConfigurationPlatforms) = preSolution
		Debug|Any CPU = Debug|Any CPU
		Release|Any CPU = Release|Any CPU
	EndGlobalSection
	GlobalSection(ProjectConfigurationPlatforms) = postSolution
		{5FABE7F7-C161-40FC-9BA8-CC1BA672C6AD}.Debug|Any CPU.ActiveCfg = Debug|Any CPU
		{5FABE7F7-C161-40FC-9BA8-CC1BA672C6AD}.Debug|Any CPU.Build.0 = Debug|Any CPU
		{5FABE7F7-C161-40FC-9BA8-CC1BA672C6AD}.Debug|Any CPU.Deploy.0 = Debug|Any CPU
		{5FABE7F7-C161-40FC-9BA8-CC1BA672C6AD}.Release|Any CPU.ActiveCfg = Release|Any CPU
		{5FABE7F7-C161-40FC-9BA8-CC1BA672C6AD}.Release|Any CPU.Build.0 = Release|Any CPU
		{5FABE7F7-C161-40FC-9BA8-CC1BA672C6AD}.Release|Any CPU.Deploy.0 = Release|Any CPU
	EndGlobalSection
	GlobalSection(SolutionProperties) = preSolution
		HideSolutionNode = FALSE
	EndGlobalSection
EndGlobal
